
Microsoft Visual Studio Solution File, Format Version 12.00
# Visual Studio 15
VisualStudioVersion = 15.0.28307.1433
MinimumVisualStudioVersion = 10.0.40219.1
Project("{FAE04EC0-301F-11D3-BF4B-00C04F79EFBC}") = "API Task", "API Task\API Task.csproj", "{77657F13-CFD0-4042-8A10-64D356D64F7F}"
EndProject
Project("{FAE04EC0-301F-11D3-BF4B-00C04F79EFBC}") = "API Task.Tests", "API Task.Tests\API Task.Tests.csproj", "{F20F4C0D-24E6-4779-AE73-2BB84BE07C00}"
EndProject
Global
	GlobalSection(SolutionConfigurationPlatforms) = preSolution
		Debug|Any CPU = Debug|Any CPU
		Release|Any CPU = Release|Any CPU
	EndGlobalSection
	GlobalSection(ProjectConfigurationPlatforms) = postSolution
		{77657F13-CFD0-4042-8A10-64D356D64F7F}.Debug|Any CPU.ActiveCfg = Debug|Any CPU
		{77657F13-CFD0-4042-8A10-64D356D64F7F}.Debug|Any CPU.Build.0 = Debug|Any CPU
		{77657F13-CFD0-4042-8A10-64D356D64F7F}.Release|Any CPU.ActiveCfg = Release|Any CPU
		{77657F13-CFD0-4042-8A10-64D356D64F7F}.Release|Any CPU.Build.0 = Release|Any CPU
		{F20F4C0D-24E6-4779-AE73-2BB84BE07C00}.Debug|Any CPU.ActiveCfg = Debug|Any CPU
		{F20F4C0D-24E6-4779-AE73-2BB84BE07C00}.Debug|Any CPU.Build.0 = Debug|Any CPU
		{F20F4C0D-24E6-4779-AE73-2BB84BE07C00}.Release|Any CPU.ActiveCfg = Release|Any CPU
		{F20F4C0D-24E6-4779-AE73-2BB84BE07C00}.Release|Any CPU.Build.0 = Release|Any CPU
	EndGlobalSection
	GlobalSection(SolutionProperties) = preSolution
		HideSolutionNode = FALSE
	EndGlobalSection
	GlobalSection(ExtensibilityGlobals) = postSolution
		SolutionGuid = {1DC16B84-044C-4D2D-8B70-932432CF85FF}
	EndGlobalSection
EndGlobal
